github.com/TwiN/go-away v1.6.8 h1:FR3zEhQgfNR4nX7owpfM/gsOqC2XFY4ducMvPu3lL2M=
github.com/TwiN/go-away v1.6.8/go.mod h1:xjsrzCf4AhmoK9y+nMr8vTC9kqh/8vd89sbVjzo/Kao=
github.com/huandu/facebook/v2 v2.5.6 h1:szmNT+GdwVtTq/pQDGcNJFjJmmtT1Z1q/oF/bPfXPHc=
github.com/huandu/facebook/v2 v2.5.6/go.mod h1:lk/dUK+JQuXylOhO+b6QtNJNpzo/C4wAasE+YHHZUf4=
github.com/joho/godotenv v1.4.0 h1:3l4+N6zfMWnkbPEXKng2o2/MR5mSwTrBih4ZEkkz1lg=
github.com/joho/godotenv v1.4.0/go.mod h1:f4LDr5Voq0i2e/R5DDNOoa2zzDfwtkZa6DnEwAbqwq4=
golang.org/x/text v0.6.0 h1:3XmdazWV+ubf7QgHSTWeykHOci5oeekaGJBLkrkaw4k=
golang.org/x/text v0.6.0/go.mod h1:mrYo+phRRbMaCq/xk9113O4dZlRixOauAjOtrjsXDZ8=
